
Microsoft Visual Studio Solution File, Format Version 12.00
# Visual Studio Version 17
VisualStudioVersion = 17.10.35122.118
MinimumVisualStudioVersion = 10.0.40219.1
Project("{9A19103F-16F7-4668-BE54-9A1E7A4F7556}") = "PROMPERU.BackOffice.API", "PROMPERU.BackOffice.API\PROMPERU.BackOffice.API.csproj", "{5CADEA85-3FD6-40CA-A075-7D366BD35B3A}"
EndProject
Project("{9A19103F-16F7-4668-BE54-9A1E7A4F7556}") = "PROMPERU.FrontOffice.WEB", "PROMPERU.FrontOffice.WEB\PROMPERU.FrontOffice.WEB.csproj", "{7FC6A722-15F4-42EB-B8FF-DE78C10E55AD}"
EndProject
Project("{2150E333-8FDC-42A3-9474-1A3956D46DE8}") = "01.Data Access", "01.Data Access", "{0D90CDF6-55AE-423B-B7AD-8563CBA1442A}"
EndProject
Project("{2150E333-8FDC-42A3-9474-1A3956D46DE8}") = "02.Bussiness Logic", "02.Bussiness Logic", "{023E07E3-DD73-4991-BD85-B28E900F731E}"
EndProject
Project("{2150E333-8FDC-42A3-9474-1A3956D46DE8}") = "03.Presentation", "03.Presentation", "{22F85A23-20E6-4B85-BEA7-094A9322A328}"
EndProject
Project("{2150E333-8FDC-42A3-9474-1A3956D46DE8}") = "03.01. API", "03.01. API", "{BC0B8D47-34E6-4E0E-AFF9-E4BB03B08E6D}"
EndProject
Project("{2150E333-8FDC-42A3-9474-1A3956D46DE8}") = "03.02 WEB", "03.02 WEB", "{40FBFD1D-C157-4124-BE56-CAEE3ECD5E70}"
EndProject
Project("{2150E333-8FDC-42A3-9474-1A3956D46DE8}") = "00. Entity", "00. Entity", "{5E1A871B-D99B-473A-8AAF-EEF2760E916D}"
EndProject
Project("{9A19103F-16F7-4668-BE54-9A1E7A4F7556}") = "PROMPERU.BE", "PROMPERU.BE\PROMPERU.BE.csproj", "{09291B9A-90D1-4A92-9039-DAD15997CD76}"
EndProject
Project("{9A19103F-16F7-4668-BE54-9A1E7A4F7556}") = "PROMPERU.BL", "PROMPERU.BL\PROMPERU.BL.csproj", "{30DB5BF4-FAA1-4075-A3AF-12F4711D312A}"
EndProject
Project("{9A19103F-16F7-4668-BE54-9A1E7A4F7556}") = "PROMPERU.DA", "PROMPERU.DA\PROMPERU.DA.csproj", "{385881DA-87F2-440B-9F6B-88A295B462B1}"
EndProject
Project("{FAE04EC0-301F-11D3-BF4B-00C04F79EFBC}") = "PROMPERU.DB", "PROMPERU.DB\PROMPERU.DB.csproj", "{821BF02A-B1B3-4EAD-B3E4-4030449D15EE}"
EndProject
Global
	GlobalSection(SolutionConfigurationPlatforms) = preSolution
		Debug|Any CPU = Debug|Any CPU
		Release|Any CPU = Release|Any CPU
	EndGlobalSection
	GlobalSection(ProjectConfigurationPlatforms) = postSolution
		{5CADEA85-3FD6-40CA-A075-7D366BD35B3A}.Debug|Any CPU.ActiveCfg = Debug|Any CPU
		{5CADEA85-3FD6-40CA-A075-7D366BD35B3A}.Debug|Any CPU.Build.0 = Debug|Any CPU
		{5CADEA85-3FD6-40CA-A075-7D366BD35B3A}.Release|Any CPU.ActiveCfg = Release|Any CPU
		{5CADEA85-3FD6-40CA-A075-7D366BD35B3A}.Release|Any CPU.Build.0 = Release|Any CPU
		{7FC6A722-15F4-42EB-B8FF-DE78C10E55AD}.Debug|Any CPU.ActiveCfg = Debug|Any CPU
		{7FC6A722-15F4-42EB-B8FF-DE78C10E55AD}.Debug|Any CPU.Build.0 = Debug|Any CPU
		{7FC6A722-15F4-42EB-B8FF-DE78C10E55AD}.Release|Any CPU.ActiveCfg = Release|Any CPU
		{7FC6A722-15F4-42EB-B8FF-DE78C10E55AD}.Release|Any CPU.Build.0 = Release|Any CPU
		{09291B9A-90D1-4A92-9039-DAD15997CD76}.Debug|Any CPU.ActiveCfg = Debug|Any CPU
		{09291B9A-90D1-4A92-9039-DAD15997CD76}.Debug|Any CPU.Build.0 = Debug|Any CPU
		{09291B9A-90D1-4A92-9039-DAD15997CD76}.Release|Any CPU.ActiveCfg = Release|Any CPU
		{09291B9A-90D1-4A92-9039-DAD15997CD76}.Release|Any CPU.Build.0 = Release|Any CPU
		{30DB5BF4-FAA1-4075-A3AF-12F4711D312A}.Debug|Any CPU.ActiveCfg = Debug|Any CPU
		{30DB5BF4-FAA1-4075-A3AF-12F4711D312A}.Debug|Any CPU.Build.0 = Debug|Any CPU
		{30DB5BF4-FAA1-4075-A3AF-12F4711D312A}.Release|Any CPU.ActiveCfg = Release|Any CPU
		{30DB5BF4-FAA1-4075-A3AF-12F4711D312A}.Release|Any CPU.Build.0 = Release|Any CPU
		{385881DA-87F2-440B-9F6B-88A295B462B1}.Debug|Any CPU.ActiveCfg = Debug|Any CPU
		{385881DA-87F2-440B-9F6B-88A295B462B1}.Debug|Any CPU.Build.0 = Debug|Any CPU
		{385881DA-87F2-440B-9F6B-88A295B462B1}.Release|Any CPU.ActiveCfg = Release|Any CPU
		{385881DA-87F2-440B-9F6B-88A295B462B1}.Release|Any CPU.Build.0 = Release|Any CPU
		{821BF02A-B1B3-4EAD-B3E4-4030449D15EE}.Debug|Any CPU.ActiveCfg = Debug|Any CPU
		{821BF02A-B1B3-4EAD-B3E4-4030449D15EE}.Debug|Any CPU.Build.0 = Debug|Any CPU
		{821BF02A-B1B3-4EAD-B3E4-4030449D15EE}.Release|Any CPU.ActiveCfg = Release|Any CPU
		{821BF02A-B1B3-4EAD-B3E4-4030449D15EE}.Release|Any CPU.Build.0 = Release|Any CPU
	EndGlobalSection
	GlobalSection(SolutionProperties) = preSolution
		HideSolutionNode = FALSE
	EndGlobalSection
	GlobalSection(NestedProjects) = preSolution
		{5CADEA85-3FD6-40CA-A075-7D366BD35B3A} = {BC0B8D47-34E6-4E0E-AFF9-E4BB03B08E6D}
		{7FC6A722-15F4-42EB-B8FF-DE78C10E55AD} = {40FBFD1D-C157-4124-BE56-CAEE3ECD5E70}
		{BC0B8D47-34E6-4E0E-AFF9-E4BB03B08E6D} = {22F85A23-20E6-4B85-BEA7-094A9322A328}
		{40FBFD1D-C157-4124-BE56-CAEE3ECD5E70} = {22F85A23-20E6-4B85-BEA7-094A9322A328}
		{09291B9A-90D1-4A92-9039-DAD15997CD76} = {5E1A871B-D99B-473A-8AAF-EEF2760E916D}
		{30DB5BF4-FAA1-4075-A3AF-12F4711D312A} = {023E07E3-DD73-4991-BD85-B28E900F731E}
		{385881DA-87F2-440B-9F6B-88A295B462B1} = {0D90CDF6-55AE-423B-B7AD-8563CBA1442A}
		{821BF02A-B1B3-4EAD-B3E4-4030449D15EE} = {0D90CDF6-55AE-423B-B7AD-8563CBA1442A}
	EndGlobalSection
	GlobalSection(ExtensibilityGlobals) = postSolution
		SolutionGuid = {0CFA5B91-AB51-4297-95E2-287947D71DBE}
	EndGlobalSection
EndGlobal
