Microsoft Visual Studio Solution File, Format Version 12.00
# Visual Studio Version 17
VisualStudioVersion = 17.5.2.0
MinimumVisualStudioVersion = 10.0.40219.1
Project("{FAE04EC0-301F-11D3-BF4B-00C04F79EFBC}") = "PROMPERU.BL", "PROMPERU.BL.csproj", "{59D80CEE-FC41-F1F7-177C-5C25ED57BD94}"
EndProject
Global
	GlobalSection(SolutionConfigurationPlatforms) = preSolution
		Debug|Any CPU = Debug|Any CPU
		Release|Any CPU = Release|Any CPU
	EndGlobalSection
	GlobalSection(ProjectConfigurationPlatforms) = postSolution
		{59D80CEE-FC41-F1F7-177C-5C25ED57BD94}.Debug|Any CPU.ActiveCfg = Debug|Any CPU
		{59D80CEE-FC41-F1F7-177C-5C25ED57BD94}.Debug|Any CPU.Build.0 = Debug|Any CPU
		{59D80CEE-FC41-F1F7-177C-5C25ED57BD94}.Release|Any CPU.ActiveCfg = Release|Any CPU
		{59D80CEE-FC41-F1F7-177C-5C25ED57BD94}.Release|Any CPU.Build.0 = Release|Any CPU
	EndGlobalSection
	GlobalSection(SolutionProperties) = preSolution
		HideSolutionNode = FALSE
	EndGlobalSection
	GlobalSection(ExtensibilityGlobals) = postSolution
		SolutionGuid = {E3A9F722-D800-4637-A754-C343751714F5}
	EndGlobalSection
EndGlobal
